{
  "name": "pmc",
  "lockfileVersion": 3,
  "requires": true,
  "packages": {
    "": {
      "dependencies": {
        "mathml-to-latex": "^1.5.0"
      }
    },
    "node_modules/@xmldom/xmldom": {
      "version": "0.8.12",
      "resolved": "https://registry.npmjs.org/@xmldom/xmldom/-/xmldom-0.8.12.tgz",
      "integrity": "sha512-9k/gHF6n/pAi/9tqr3m3aqkuiNosYTurLLUtc7xQ9sxB/wm7WPygCv8GYa6mS0fLJEHhqMC1ATYhz++U/lRHqg==",
      "license": "MIT",
      "engines": {
        "node": ">=10.0.0"
      }
    },
    "node_modules/mathml-to-latex": {
      "version": "1.5.0",
      "resolved": "https://registry.npmjs.org/mathml-to-latex/-/mathml-to-latex-1.5.0.tgz",
      "integrity": "sha512-rrWn0eEvcEcdMM4xfHcSGIy+i01DX9byOdXTLWg+w1iJ6O6ohP5UXY1dVzNUZLhzfl3EGcRekWLhY7JT5Omaew==",
      "license": "MIT",
      "dependencies": {
        "@xmldom/xmldom": "^0.8.10"
      }
    }
  }
}
